<Solution>
  <Folder Name="/src/">
    <Project Path="src/OpenPlexus/OpenPlexus.csproj" />
    <Project Path="src/OpenPlexus.Brain/OpenPlexus.Brain.csproj" />
    <Project Path="src/OpenPlexus.Worlds/OpenPlexus.Worlds.csproj" />
    <Project Path="src/OpenPlexus.Host/OpenPlexus.Host.csproj" />
    <Project Path="src/OpenPlexus.Talk/OpenPlexus.Talk.csproj" />
  </Folder>
  <Folder Name="/tests/">
    <Project Path="tests/OpenPlexus.Tests/OpenPlexus.Tests.csproj" />
  </Folder>
</Solution>
